# THIS IS AN AUTOGENERATED FILE. DO NOT EDIT THIS FILE DIRECTLY.
# yarn lockfile v1


nanoid@^2.1.0:
  version "2.1.11"
  resolved "https://registry.yarnpkg.com/nanoid/-/nanoid-2.1.11.tgz#ec24b8a758d591561531b4176a01e3ab4f0f0280"
  integrity sha512-s/snB+WGm6uwi0WjsZdaVcuf3KJXlfGl2LcxgwkEwJF0D/BWzVWAZW/XY4bFaiR7s0Jk3FPvlnepg1H1b1UwlA==

shortid@^2.2.16:
  version "2.2.16"
  resolved "https://registry.yarnpkg.com/shortid/-/shortid-2.2.16.tgz#b742b8f0cb96406fd391c76bfc18a67a57fe5608"
  integrity sha512-Ugt+GIZqvGXCIItnsL+lvFJOiN7RYqlGy7QE41O3YC1xbNSeDGIRO7xg2JJXIAj1cAGnOeC1r7/T9pgrtQbv4g==
  dependencies:
    nanoid "^2.1.0"

tiny-typed-emitter@^2.1.0:
  version "2.1.0"
  resolved "https://registry.yarnpkg.com/tiny-typed-emitter/-/tiny-typed-emitter-2.1.0.tgz#b3b027fdd389ff81a152c8e847ee2f5be9fad7b5"
  integrity sha512-qVtvMxeXbVej0cQWKqVSSAHmKZEHAvxdF8HEUBFWts8h+xEo5m/lEiPakuyZ3BnCBjOD8i24kzNOiOLLgsSxhA==

typescript@^4.4.4:
  version "4.4.4"
  resolved "https://registry.yarnpkg.com/typescript/-/typescript-4.4.4.tgz#2cd01a1a1f160704d3101fd5a58ff0f9fcb8030c"
  integrity sha512-DqGhF5IKoBl8WNf8C1gu8q0xZSInh9j1kJJMqT3a94w1JzVaBU4EXOSMrz9yDqMT0xt3selp83fuFMQ0uzv6qA==
